
Microsoft Visual Studio Solution File, Format Version 12.00
# Visual Studio 15
VisualStudioVersion = 15.0.27130.2024
MinimumVisualStudioVersion = 10.0.40219.1
Project("{FAE04EC0-301F-11D3-BF4B-00C04F79EFBC}") = "YoutubeVideoLauncher", "YoutubeVideoLauncher\YoutubeVideoLauncher.csproj", "{09F9E541-5E98-4777-AF9E-9D0D548395ED}"
EndProject
Global
	GlobalSection(SolutionConfigurationPlatforms) = preSolution
		Debug|Any CPU = Debug|Any CPU
		Release|Any CPU = Release|Any CPU
	EndGlobalSection
	GlobalSection(ProjectConfigurationPlatforms) = postSolution
		{09F9E541-5E98-4777-AF9E-9D0D548395ED}.Debug|Any CPU.ActiveCfg = Debug|Any CPU
		{09F9E541-5E98-4777-AF9E-9D0D548395ED}.Debug|Any CPU.Build.0 = Debug|Any CPU
		{09F9E541-5E98-4777-AF9E-9D0D548395ED}.Release|Any CPU.ActiveCfg = Release|Any CPU
		{09F9E541-5E98-4777-AF9E-9D0D548395ED}.Release|Any CPU.Build.0 = Release|Any CPU
	EndGlobalSection
	GlobalSection(SolutionProperties) = preSolution
		HideSolutionNode = FALSE
	EndGlobalSection
	GlobalSection(ExtensibilityGlobals) = postSolution
		SolutionGuid = {E074D866-CB15-46E3-9D3B-749BD9ACF6E4}
	EndGlobalSection
EndGlobal
